
Microsoft Visual Studio Solution File, Format Version 12.00
# Visual Studio Version 17
VisualStudioVersion = 17.9.34723.18
MinimumVisualStudioVersion = 10.0.40219.1
Project("{FAE04EC0-301F-11D3-BF4B-00C04F79EFBC}") = "SocietyAppBackend", "SocietyAppBackend\SocietyAppBackend.csproj", "{58FF24E7-4EB6-4FC5-90A1-156B13F02B6D}"
EndProject
Global
	GlobalSection(SolutionConfigurationPlatforms) = preSolution
		Debug|Any CPU = Debug|Any CPU
		Release|Any CPU = Release|Any CPU
	EndGlobalSection
	GlobalSection(ProjectConfigurationPlatforms) = postSolution
		{58FF24E7-4EB6-4FC5-90A1-156B13F02B6D}.Debug|Any CPU.ActiveCfg = Debug|Any CPU
		{58FF24E7-4EB6-4FC5-90A1-156B13F02B6D}.Debug|Any CPU.Build.0 = Debug|Any CPU
		{58FF24E7-4EB6-4FC5-90A1-156B13F02B6D}.Release|Any CPU.ActiveCfg = Release|Any CPU
		{58FF24E7-4EB6-4FC5-90A1-156B13F02B6D}.Release|Any CPU.Build.0 = Release|Any CPU
	EndGlobalSection
	GlobalSection(SolutionProperties) = preSolution
		HideSolutionNode = FALSE
	EndGlobalSection
	GlobalSection(ExtensibilityGlobals) = postSolution
		SolutionGuid = {5B03AD41-E09D-4699-8530-29FB378F4972}
	EndGlobalSection
EndGlobal
